
Microsoft Visual Studio Solution File, Format Version 11.00
# Visual Studio 2010
Project("{8BC9CEB8-8B4A-11D0-8D11-00A0C91BC942}") = "stickrpg", "stickrpg.vcxproj", "{336D12E6-D00C-4CDE-ADFD-51C3466FE36D}"
EndProject
Global
	GlobalSection(SolutionConfigurationPlatforms) = preSolution
		Demo|GB = Demo|GB
		Demo|Win32 = Demo|Win32
		Release|GB = Release|GB
		Release|Win32 = Release|Win32
	EndGlobalSection
	GlobalSection(ProjectConfigurationPlatforms) = postSolution
		{336D12E6-D00C-4CDE-ADFD-51C3466FE36D}.Demo|GB.ActiveCfg = Demo|Win32
		{336D12E6-D00C-4CDE-ADFD-51C3466FE36D}.Demo|GB.Build.0 = Demo|Win32
		{336D12E6-D00C-4CDE-ADFD-51C3466FE36D}.Demo|Win32.ActiveCfg = Demo|Win32
		{336D12E6-D00C-4CDE-ADFD-51C3466FE36D}.Demo|Win32.Build.0 = Demo|Win32
		{336D12E6-D00C-4CDE-ADFD-51C3466FE36D}.Release|GB.ActiveCfg = Release|Win32
		{336D12E6-D00C-4CDE-ADFD-51C3466FE36D}.Release|GB.Build.0 = Release|Win32
		{336D12E6-D00C-4CDE-ADFD-51C3466FE36D}.Release|Win32.ActiveCfg = Release|Win32
		{336D12E6-D00C-4CDE-ADFD-51C3466FE36D}.Release|Win32.Build.0 = Release|Win32
	EndGlobalSection
	GlobalSection(SolutionProperties) = preSolution
		HideSolutionNode = FALSE
	EndGlobalSection
EndGlobal
